
Microsoft Visual Studio Solution File, Format Version 12.00
# Visual Studio Version 17
VisualStudioVersion = 17.0.31912.275
MinimumVisualStudioVersion = 10.0.40219.1
Project("{9A19103F-16F7-4668-BE54-9A1E7A4F7556}") = "UmaMusumeExplorer", "UmaMusumeExplorer\UmaMusumeExplorer.csproj", "{3D0CF5B7-3467-44D7-A283-C8B11E1F0693}"
	ProjectSection(ProjectDependencies) = postProject
		{29356642-C46E-4144-83D8-22DC09D0D7FD} = {29356642-C46E-4144-83D8-22DC09D0D7FD}
	EndProjectSection
EndProject
Project("{9A19103F-16F7-4668-BE54-9A1E7A4F7556}") = "ClHcaSharp", "ClHcaSharp\ClHcaSharp\ClHcaSharp.csproj", "{1C36313B-7C87-476F-84F3-08916101DFFA}"
EndProject
Project("{9A19103F-16F7-4668-BE54-9A1E7A4F7556}") = "AssetStudio", "AssetStudio\AssetStudio\AssetStudio.csproj", "{8FDB1605-B28A-44BC-B481-ABD6C1BD2C8C}"
EndProject
Project("{9A19103F-16F7-4668-BE54-9A1E7A4F7556}") = "AssetStudio.PInvoke", "AssetStudio\AssetStudio.PInvoke\AssetStudio.PInvoke.csproj", "{33625FFA-C389-48F3-BFC5-683D99BDC523}"
EndProject
Project("{9A19103F-16F7-4668-BE54-9A1E7A4F7556}") = "Texture2DDecoderWrapper", "AssetStudio\Texture2DDecoderWrapper\Texture2DDecoderWrapper.csproj", "{BDE482F9-F45D-443D-8584-93C3E912E733}"
EndProject
Project("{2150E333-8FDC-42A3-9474-1A3956D46DE8}") = "AssetStudio", "AssetStudio", "{9A0E6D76-3476-4266-9E94-1D32FF4D190E}"
EndProject
Project("{2150E333-8FDC-42A3-9474-1A3956D46DE8}") = "Tools", "Tools", "{AA29BD52-839C-4B41-93B8-1B6C136D9C41}"
EndProject
Project("{2150E333-8FDC-42A3-9474-1A3956D46DE8}") = "CRIWARE", "CRIWARE", "{72305DB9-DD13-417D-AA7C-B2CE0FE4A2C5}"
EndProject
Project("{9A19103F-16F7-4668-BE54-9A1E7A4F7556}") = "AssetStudioUtility", "AssetStudio\AssetStudioUtility\AssetStudioUtility.csproj", "{9964F0FD-8687-4671-A17F-7A71093A3670}"
EndProject
Project("{8BC9CEB8-8B4A-11D0-8D11-00A0C91BC942}") = "Texture2DDecoderNative", "AssetStudio\Texture2DDecoderNative\Texture2DDecoderNative.vcxproj", "{29356642-C46E-4144-83D8-22DC09D0D7FD}"
EndProject
Project("{9A19103F-16F7-4668-BE54-9A1E7A4F7556}") = "UmaMusumeData", "UmaMusumeData\UmaMusumeData.csproj", "{418893B0-00BC-4A72-BB0E-1BAFB7690778}"
EndProject
Project("{9A19103F-16F7-4668-BE54-9A1E7A4F7556}") = "Extractor", "Tools\Extractor\Extractor.csproj", "{DE7436E5-D8BE-4DB3-A0D6-62EC2F1423D3}"
EndProject
Project("{9A19103F-16F7-4668-BE54-9A1E7A4F7556}") = "PlayerCli", "Tools\PlayerCli\PlayerCli.csproj", "{DCBB8F7A-7C1B-4C26-AB31-05BD3D1D40E0}"
EndProject
Project("{9A19103F-16F7-4668-BE54-9A1E7A4F7556}") = "SqlCreateStatementToClass", "Tools\SqlCreateStatementToClass\SqlCreateStatementToClass.csproj", "{EAE2D52F-C521-4CFC-B098-312429642AA3}"
EndProject
Project("{9A19103F-16F7-4668-BE54-9A1E7A4F7556}") = "UmaMusumeAudio", "UmaMusumeAudio\UmaMusumeAudio.csproj", "{CC6C4346-A873-4C86-A35A-35B2895F5C07}"
EndProject
Project("{9A19103F-16F7-4668-BE54-9A1E7A4F7556}") = "LiveMusicPlayerCli", "Tools\LiveMusicPlayerCli\LiveMusicPlayerCli.csproj", "{CD002A06-8B84-4EF7-ADCE-CAB2163D08C7}"
EndProject
Project("{9A19103F-16F7-4668-BE54-9A1E7A4F7556}") = "AssetStudioFBXWrapper", "AssetStudio\AssetStudioFBXWrapper\AssetStudioFBXWrapper.csproj", "{2A066ABC-0405-4783-9A85-03E8549C5E8E}"
EndProject
Project("{9A19103F-16F7-4668-BE54-9A1E7A4F7556}") = "CriWareLibrary", "CriWareLibrary\CriWareLibrary\CriWareLibrary.csproj", "{01377FB2-824D-4EDE-B50A-D93A4EEB4233}"
EndProject
Global
	GlobalSection(SolutionConfigurationPlatforms) = preSolution
		Debug|Any CPU = Debug|Any CPU
		Debug|x64 = Debug|x64
		Debug|x86 = Debug|x86
		Release|Any CPU = Release|Any CPU
		Release|x64 = Release|x64
		Release|x86 = Release|x86
	EndGlobalSection
	GlobalSection(ProjectConfigurationPlatforms) = postSolution
		{3D0CF5B7-3467-44D7-A283-C8B11E1F0693}.Debug|Any CPU.ActiveCfg = Debug|Any CPU
		{3D0CF5B7-3467-44D7-A283-C8B11E1F0693}.Debug|Any CPU.Build.0 = Debug|Any CPU
		{3D0CF5B7-3467-44D7-A283-C8B11E1F0693}.Debug|x64.ActiveCfg = Debug|Any CPU
		{3D0CF5B7-3467-44D7-A283-C8B11E1F0693}.Debug|x64.Build.0 = Debug|Any CPU
		{3D0CF5B7-3467-44D7-A283-C8B11E1F0693}.Debug|x86.ActiveCfg = Debug|Any CPU
		{3D0CF5B7-3467-44D7-A283-C8B11E1F0693}.Debug|x86.Build.0 = Debug|Any CPU
		{3D0CF5B7-3467-44D7-A283-C8B11E1F0693}.Release|Any CPU.ActiveCfg = Release|Any CPU
		{3D0CF5B7-3467-44D7-A283-C8B11E1F0693}.Release|Any CPU.Build.0 = Release|Any CPU
		{3D0CF5B7-3467-44D7-A283-C8B11E1F0693}.Release|x64.ActiveCfg = Release|Any CPU
		{3D0CF5B7-3467-44D7-A283-C8B11E1F0693}.Release|x64.Build.0 = Release|Any CPU
		{3D0CF5B7-3467-44D7-A283-C8B11E1F0693}.Release|x86.ActiveCfg = Release|Any CPU
		{3D0CF5B7-3467-44D7-A283-C8B11E1F0693}.Release|x86.Build.0 = Release|Any CPU
		{1C36313B-7C87-476F-84F3-08916101DFFA}.Debug|Any CPU.ActiveCfg = Debug|Any CPU
		{1C36313B-7C87-476F-84F3-08916101DFFA}.Debug|Any CPU.Build.0 = Debug|Any CPU
		{1C36313B-7C87-476F-84F3-08916101DFFA}.Debug|x64.ActiveCfg = Debug|Any CPU
		{1C36313B-7C87-476F-84F3-08916101DFFA}.Debug|x64.Build.0 = Debug|Any CPU
		{1C36313B-7C87-476F-84F3-08916101DFFA}.Debug|x86.ActiveCfg = Debug|Any CPU
		{1C36313B-7C87-476F-84F3-08916101DFFA}.Debug|x86.Build.0 = Debug|Any CPU
		{1C36313B-7C87-476F-84F3-08916101DFFA}.Release|Any CPU.ActiveCfg = Release|Any CPU
		{1C36313B-7C87-476F-84F3-08916101DFFA}.Release|Any CPU.Build.0 = Release|Any CPU
		{1C36313B-7C87-476F-84F3-08916101DFFA}.Release|x64.ActiveCfg = Release|Any CPU
		{1C36313B-7C87-476F-84F3-08916101DFFA}.Release|x64.Build.0 = Release|Any CPU
		{1C36313B-7C87-476F-84F3-08916101DFFA}.Release|x86.ActiveCfg = Release|Any CPU
		{1C36313B-7C87-476F-84F3-08916101DFFA}.Release|x86.Build.0 = Release|Any CPU
		{8FDB1605-B28A-44BC-B481-ABD6C1BD2C8C}.Debug|Any CPU.ActiveCfg = Debug|Any CPU
		{8FDB1605-B28A-44BC-B481-ABD6C1BD2C8C}.Debug|Any CPU.Build.0 = Debug|Any CPU
		{8FDB1605-B28A-44BC-B481-ABD6C1BD2C8C}.Debug|x64.ActiveCfg = Debug|Any CPU
		{8FDB1605-B28A-44BC-B481-ABD6C1BD2C8C}.Debug|x64.Build.0 = Debug|Any CPU
		{8FDB1605-B28A-44BC-B481-ABD6C1BD2C8C}.Debug|x86.ActiveCfg = Debug|Any CPU
		{8FDB1605-B28A-44BC-B481-ABD6C1BD2C8C}.Debug|x86.Build.0 = Debug|Any CPU
		{8FDB1605-B28A-44BC-B481-ABD6C1BD2C8C}.Release|Any CPU.ActiveCfg = Release|Any CPU
		{8FDB1605-B28A-44BC-B481-ABD6C1BD2C8C}.Release|Any CPU.Build.0 = Release|Any CPU
		{8FDB1605-B28A-44BC-B481-ABD6C1BD2C8C}.Release|x64.ActiveCfg = Release|Any CPU
		{8FDB1605-B28A-44BC-B481-ABD6C1BD2C8C}.Release|x64.Build.0 = Release|Any CPU
		{8FDB1605-B28A-44BC-B481-ABD6C1BD2C8C}.Release|x86.ActiveCfg = Release|Any CPU
		{8FDB1605-B28A-44BC-B481-ABD6C1BD2C8C}.Release|x86.Build.0 = Release|Any CPU
		{33625FFA-C389-48F3-BFC5-683D99BDC523}.Debug|Any CPU.ActiveCfg = Debug|Any CPU
		{33625FFA-C389-48F3-BFC5-683D99BDC523}.Debug|Any CPU.Build.0 = Debug|Any CPU
		{33625FFA-C389-48F3-BFC5-683D99BDC523}.Debug|x64.ActiveCfg = Debug|Any CPU
		{33625FFA-C389-48F3-BFC5-683D99BDC523}.Debug|x64.Build.0 = Debug|Any CPU
		{33625FFA-C389-48F3-BFC5-683D99BDC523}.Debug|x86.ActiveCfg = Debug|Any CPU
		{33625FFA-C389-48F3-BFC5-683D99BDC523}.Debug|x86.Build.0 = Debug|Any CPU
		{33625FFA-C389-48F3-BFC5-683D99BDC523}.Release|Any CPU.ActiveCfg = Release|Any CPU
		{33625FFA-C389-48F3-BFC5-683D99BDC523}.Release|Any CPU.Build.0 = Release|Any CPU
		{33625FFA-C389-48F3-BFC5-683D99BDC523}.Release|x64.ActiveCfg = Release|Any CPU
		{33625FFA-C389-48F3-BFC5-683D99BDC523}.Release|x64.Build.0 = Release|Any CPU
		{33625FFA-C389-48F3-BFC5-683D99BDC523}.Release|x86.ActiveCfg = Release|Any CPU
		{33625FFA-C389-48F3-BFC5-683D99BDC523}.Release|x86.Build.0 = Release|Any CPU
		{BDE482F9-F45D-443D-8584-93C3E912E733}.Debug|Any CPU.ActiveCfg = Debug|Any CPU
		{BDE482F9-F45D-443D-8584-93C3E912E733}.Debug|Any CPU.Build.0 = Debug|Any CPU
		{BDE482F9-F45D-443D-8584-93C3E912E733}.Debug|x64.ActiveCfg = Debug|Any CPU
		{BDE482F9-F45D-443D-8584-93C3E912E733}.Debug|x64.Build.0 = Debug|Any CPU
		{BDE482F9-F45D-443D-8584-93C3E912E733}.Debug|x86.ActiveCfg = Debug|Any CPU
		{BDE482F9-F45D-443D-8584-93C3E912E733}.Debug|x86.Build.0 = Debug|Any CPU
		{BDE482F9-F45D-443D-8584-93C3E912E733}.Release|Any CPU.ActiveCfg = Release|Any CPU
		{BDE482F9-F45D-443D-8584-93C3E912E733}.Release|Any CPU.Build.0 = Release|Any CPU
		{BDE482F9-F45D-443D-8584-93C3E912E733}.Release|x64.ActiveCfg = Release|Any CPU
		{BDE482F9-F45D-443D-8584-93C3E912E733}.Release|x64.Build.0 = Release|Any CPU
		{BDE482F9-F45D-443D-8584-93C3E912E733}.Release|x86.ActiveCfg = Release|Any CPU
		{BDE482F9-F45D-443D-8584-93C3E912E733}.Release|x86.Build.0 = Release|Any CPU
		{9964F0FD-8687-4671-A17F-7A71093A3670}.Debug|Any CPU.ActiveCfg = Debug|Any CPU
		{9964F0FD-8687-4671-A17F-7A71093A3670}.Debug|Any CPU.Build.0 = Debug|Any CPU
		{9964F0FD-8687-4671-A17F-7A71093A3670}.Debug|x64.ActiveCfg = Debug|Any CPU
		{9964F0FD-8687-4671-A17F-7A71093A3670}.Debug|x64.Build.0 = Debug|Any CPU
		{9964F0FD-8687-4671-A17F-7A71093A3670}.Debug|x86.ActiveCfg = Debug|Any CPU
		{9964F0FD-8687-4671-A17F-7A71093A3670}.Debug|x86.Build.0 = Debug|Any CPU
		{9964F0FD-8687-4671-A17F-7A71093A3670}.Release|Any CPU.ActiveCfg = Release|Any CPU
		{9964F0FD-8687-4671-A17F-7A71093A3670}.Release|Any CPU.Build.0 = Release|Any CPU
		{9964F0FD-8687-4671-A17F-7A71093A3670}.Release|x64.ActiveCfg = Release|Any CPU
		{9964F0FD-8687-4671-A17F-7A71093A3670}.Release|x64.Build.0 = Release|Any CPU
		{9964F0FD-8687-4671-A17F-7A71093A3670}.Release|x86.ActiveCfg = Release|Any CPU
		{9964F0FD-8687-4671-A17F-7A71093A3670}.Release|x86.Build.0 = Release|Any CPU
		{29356642-C46E-4144-83D8-22DC09D0D7FD}.Debug|Any CPU.ActiveCfg = Debug|x64
		{29356642-C46E-4144-83D8-22DC09D0D7FD}.Debug|Any CPU.Build.0 = Debug|x64
		{29356642-C46E-4144-83D8-22DC09D0D7FD}.Debug|x64.ActiveCfg = Debug|x64
		{29356642-C46E-4144-83D8-22DC09D0D7FD}.Debug|x64.Build.0 = Debug|x64
		{29356642-C46E-4144-83D8-22DC09D0D7FD}.Debug|x86.ActiveCfg = Debug|Win32
		{29356642-C46E-4144-83D8-22DC09D0D7FD}.Debug|x86.Build.0 = Debug|Win32
		{29356642-C46E-4144-83D8-22DC09D0D7FD}.Release|Any CPU.ActiveCfg = Release|x64
		{29356642-C46E-4144-83D8-22DC09D0D7FD}.Release|Any CPU.Build.0 = Release|x64
		{29356642-C46E-4144-83D8-22DC09D0D7FD}.Release|x64.ActiveCfg = Release|x64
		{29356642-C46E-4144-83D8-22DC09D0D7FD}.Release|x64.Build.0 = Release|x64
		{29356642-C46E-4144-83D8-22DC09D0D7FD}.Release|x86.ActiveCfg = Release|Win32
		{29356642-C46E-4144-83D8-22DC09D0D7FD}.Release|x86.Build.0 = Release|Win32
		{418893B0-00BC-4A72-BB0E-1BAFB7690778}.Debug|Any CPU.ActiveCfg = Debug|Any CPU
		{418893B0-00BC-4A72-BB0E-1BAFB7690778}.Debug|Any CPU.Build.0 = Debug|Any CPU
		{418893B0-00BC-4A72-BB0E-1BAFB7690778}.Debug|x64.ActiveCfg = Debug|Any CPU
		{418893B0-00BC-4A72-BB0E-1BAFB7690778}.Debug|x64.Build.0 = Debug|Any CPU
		{418893B0-00BC-4A72-BB0E-1BAFB7690778}.Debug|x86.ActiveCfg = Debug|Any CPU
		{418893B0-00BC-4A72-BB0E-1BAFB7690778}.Debug|x86.Build.0 = Debug|Any CPU
		{418893B0-00BC-4A72-BB0E-1BAFB7690778}.Release|Any CPU.ActiveCfg = Release|Any CPU
		{418893B0-00BC-4A72-BB0E-1BAFB7690778}.Release|Any CPU.Build.0 = Release|Any CPU
		{418893B0-00BC-4A72-BB0E-1BAFB7690778}.Release|x64.ActiveCfg = Release|Any CPU
		{418893B0-00BC-4A72-BB0E-1BAFB7690778}.Release|x64.Build.0 = Release|Any CPU
		{418893B0-00BC-4A72-BB0E-1BAFB7690778}.Release|x86.ActiveCfg = Release|Any CPU
		{418893B0-00BC-4A72-BB0E-1BAFB7690778}.Release|x86.Build.0 = Release|Any CPU
		{DE7436E5-D8BE-4DB3-A0D6-62EC2F1423D3}.Debug|Any CPU.ActiveCfg = Debug|Any CPU
		{DE7436E5-D8BE-4DB3-A0D6-62EC2F1423D3}.Debug|Any CPU.Build.0 = Debug|Any CPU
		{DE7436E5-D8BE-4DB3-A0D6-62EC2F1423D3}.Debug|x64.ActiveCfg = Debug|Any CPU
		{DE7436E5-D8BE-4DB3-A0D6-62EC2F1423D3}.Debug|x64.Build.0 = Debug|Any CPU
		{DE7436E5-D8BE-4DB3-A0D6-62EC2F1423D3}.Debug|x86.ActiveCfg = Debug|Any CPU
		{DE7436E5-D8BE-4DB3-A0D6-62EC2F1423D3}.Debug|x86.Build.0 = Debug|Any CPU
		{DE7436E5-D8BE-4DB3-A0D6-62EC2F1423D3}.Release|Any CPU.ActiveCfg = Release|Any CPU
		{DE7436E5-D8BE-4DB3-A0D6-62EC2F1423D3}.Release|Any CPU.Build.0 = Release|Any CPU
		{DE7436E5-D8BE-4DB3-A0D6-62EC2F1423D3}.Release|x64.ActiveCfg = Release|Any CPU
		{DE7436E5-D8BE-4DB3-A0D6-62EC2F1423D3}.Release|x64.Build.0 = Release|Any CPU
		{DE7436E5-D8BE-4DB3-A0D6-62EC2F1423D3}.Release|x86.ActiveCfg = Release|Any CPU
		{DE7436E5-D8BE-4DB3-A0D6-62EC2F1423D3}.Release|x86.Build.0 = Release|Any CPU
		{DCBB8F7A-7C1B-4C26-AB31-05BD3D1D40E0}.Debug|Any CPU.ActiveCfg = Debug|Any CPU
		{DCBB8F7A-7C1B-4C26-AB31-05BD3D1D40E0}.Debug|Any CPU.Build.0 = Debug|Any CPU
		{DCBB8F7A-7C1B-4C26-AB31-05BD3D1D40E0}.Debug|x64.ActiveCfg = Debug|Any CPU
		{DCBB8F7A-7C1B-4C26-AB31-05BD3D1D40E0}.Debug|x64.Build.0 = Debug|Any CPU
		{DCBB8F7A-7C1B-4C26-AB31-05BD3D1D40E0}.Debug|x86.ActiveCfg = Debug|Any CPU
		{DCBB8F7A-7C1B-4C26-AB31-05BD3D1D40E0}.Debug|x86.Build.0 = Debug|Any CPU
		{DCBB8F7A-7C1B-4C26-AB31-05BD3D1D40E0}.Release|Any CPU.ActiveCfg = Release|Any CPU
		{DCBB8F7A-7C1B-4C26-AB31-05BD3D1D40E0}.Release|Any CPU.Build.0 = Release|Any CPU
		{DCBB8F7A-7C1B-4C26-AB31-05BD3D1D40E0}.Release|x64.ActiveCfg = Release|Any CPU
		{DCBB8F7A-7C1B-4C26-AB31-05BD3D1D40E0}.Release|x64.Build.0 = Release|Any CPU
		{DCBB8F7A-7C1B-4C26-AB31-05BD3D1D40E0}.Release|x86.ActiveCfg = Release|Any CPU
		{DCBB8F7A-7C1B-4C26-AB31-05BD3D1D40E0}.Release|x86.Build.0 = Release|Any CPU
		{EAE2D52F-C521-4CFC-B098-312429642AA3}.Debug|Any CPU.ActiveCfg = Debug|Any CPU
		{EAE2D52F-C521-4CFC-B098-312429642AA3}.Debug|Any CPU.Build.0 = Debug|Any CPU
		{EAE2D52F-C521-4CFC-B098-312429642AA3}.Debug|x64.ActiveCfg = Debug|Any CPU
		{EAE2D52F-C521-4CFC-B098-312429642AA3}.Debug|x64.Build.0 = Debug|Any CPU
		{EAE2D52F-C521-4CFC-B098-312429642AA3}.Debug|x86.ActiveCfg = Debug|Any CPU
		{EAE2D52F-C521-4CFC-B098-312429642AA3}.Debug|x86.Build.0 = Debug|Any CPU
		{EAE2D52F-C521-4CFC-B098-312429642AA3}.Release|Any CPU.ActiveCfg = Release|Any CPU
		{EAE2D52F-C521-4CFC-B098-312429642AA3}.Release|Any CPU.Build.0 = Release|Any CPU
		{EAE2D52F-C521-4CFC-B098-312429642AA3}.Release|x64.ActiveCfg = Release|Any CPU
		{EAE2D52F-C521-4CFC-B098-312429642AA3}.Release|x64.Build.0 = Release|Any CPU
		{EAE2D52F-C521-4CFC-B098-312429642AA3}.Release|x86.ActiveCfg = Release|Any CPU
		{EAE2D52F-C521-4CFC-B098-312429642AA3}.Release|x86.Build.0 = Release|Any CPU
		{CC6C4346-A873-4C86-A35A-35B2895F5C07}.Debug|Any CPU.ActiveCfg = Debug|Any CPU
		{CC6C4346-A873-4C86-A35A-35B2895F5C07}.Debug|Any CPU.Build.0 = Debug|Any CPU
		{CC6C4346-A873-4C86-A35A-35B2895F5C07}.Debug|x64.ActiveCfg = Debug|Any CPU
		{CC6C4346-A873-4C86-A35A-35B2895F5C07}.Debug|x64.Build.0 = Debug|Any CPU
		{CC6C4346-A873-4C86-A35A-35B2895F5C07}.Debug|x86.ActiveCfg = Debug|Any CPU
		{CC6C4346-A873-4C86-A35A-35B2895F5C07}.Debug|x86.Build.0 = Debug|Any CPU
		{CC6C4346-A873-4C86-A35A-35B2895F5C07}.Release|Any CPU.ActiveCfg = Release|Any CPU
		{CC6C4346-A873-4C86-A35A-35B2895F5C07}.Release|Any CPU.Build.0 = Release|Any CPU
		{CC6C4346-A873-4C86-A35A-35B2895F5C07}.Release|x64.ActiveCfg = Release|Any CPU
		{CC6C4346-A873-4C86-A35A-35B2895F5C07}.Release|x64.Build.0 = Release|Any CPU
		{CC6C4346-A873-4C86-A35A-35B2895F5C07}.Release|x86.ActiveCfg = Release|Any CPU
		{CC6C4346-A873-4C86-A35A-35B2895F5C07}.Release|x86.Build.0 = Release|Any CPU
		{CD002A06-8B84-4EF7-ADCE-CAB2163D08C7}.Debug|Any CPU.ActiveCfg = Debug|Any CPU
		{CD002A06-8B84-4EF7-ADCE-CAB2163D08C7}.Debug|Any CPU.Build.0 = Debug|Any CPU
		{CD002A06-8B84-4EF7-ADCE-CAB2163D08C7}.Debug|x64.ActiveCfg = Debug|Any CPU
		{CD002A06-8B84-4EF7-ADCE-CAB2163D08C7}.Debug|x64.Build.0 = Debug|Any CPU
		{CD002A06-8B84-4EF7-ADCE-CAB2163D08C7}.Debug|x86.ActiveCfg = Debug|Any CPU
		{CD002A06-8B84-4EF7-ADCE-CAB2163D08C7}.Debug|x86.Build.0 = Debug|Any CPU
		{CD002A06-8B84-4EF7-ADCE-CAB2163D08C7}.Release|Any CPU.ActiveCfg = Release|Any CPU
		{CD002A06-8B84-4EF7-ADCE-CAB2163D08C7}.Release|Any CPU.Build.0 = Release|Any CPU
		{CD002A06-8B84-4EF7-ADCE-CAB2163D08C7}.Release|x64.ActiveCfg = Release|Any CPU
		{CD002A06-8B84-4EF7-ADCE-CAB2163D08C7}.Release|x64.Build.0 = Release|Any CPU
		{CD002A06-8B84-4EF7-ADCE-CAB2163D08C7}.Release|x86.ActiveCfg = Release|Any CPU
		{CD002A06-8B84-4EF7-ADCE-CAB2163D08C7}.Release|x86.Build.0 = Release|Any CPU
		{2A066ABC-0405-4783-9A85-03E8549C5E8E}.Debug|Any CPU.ActiveCfg = Debug|Any CPU
		{2A066ABC-0405-4783-9A85-03E8549C5E8E}.Debug|Any CPU.Build.0 = Debug|Any CPU
		{2A066ABC-0405-4783-9A85-03E8549C5E8E}.Debug|x64.ActiveCfg = Debug|Any CPU
		{2A066ABC-0405-4783-9A85-03E8549C5E8E}.Debug|x64.Build.0 = Debug|Any CPU
		{2A066ABC-0405-4783-9A85-03E8549C5E8E}.Debug|x86.ActiveCfg = Debug|Any CPU
		{2A066ABC-0405-4783-9A85-03E8549C5E8E}.Debug|x86.Build.0 = Debug|Any CPU
		{2A066ABC-0405-4783-9A85-03E8549C5E8E}.Release|Any CPU.ActiveCfg = Release|Any CPU
		{2A066ABC-0405-4783-9A85-03E8549C5E8E}.Release|Any CPU.Build.0 = Release|Any CPU
		{2A066ABC-0405-4783-9A85-03E8549C5E8E}.Release|x64.ActiveCfg = Release|Any CPU
		{2A066ABC-0405-4783-9A85-03E8549C5E8E}.Release|x64.Build.0 = Release|Any CPU
		{2A066ABC-0405-4783-9A85-03E8549C5E8E}.Release|x86.ActiveCfg = Release|Any CPU
		{2A066ABC-0405-4783-9A85-03E8549C5E8E}.Release|x86.Build.0 = Release|Any CPU
		{01377FB2-824D-4EDE-B50A-D93A4EEB4233}.Debug|Any CPU.ActiveCfg = Debug|Any CPU
		{01377FB2-824D-4EDE-B50A-D93A4EEB4233}.Debug|Any CPU.Build.0 = Debug|Any CPU
		{01377FB2-824D-4EDE-B50A-D93A4EEB4233}.Debug|x64.ActiveCfg = Debug|Any CPU
		{01377FB2-824D-4EDE-B50A-D93A4EEB4233}.Debug|x64.Build.0 = Debug|Any CPU
		{01377FB2-824D-4EDE-B50A-D93A4EEB4233}.Debug|x86.ActiveCfg = Debug|Any CPU
		{01377FB2-824D-4EDE-B50A-D93A4EEB4233}.Debug|x86.Build.0 = Debug|Any CPU
		{01377FB2-824D-4EDE-B50A-D93A4EEB4233}.Release|Any CPU.ActiveCfg = Release|Any CPU
		{01377FB2-824D-4EDE-B50A-D93A4EEB4233}.Release|Any CPU.Build.0 = Release|Any CPU
		{01377FB2-824D-4EDE-B50A-D93A4EEB4233}.Release|x64.ActiveCfg = Release|Any CPU
		{01377FB2-824D-4EDE-B50A-D93A4EEB4233}.Release|x64.Build.0 = Release|Any CPU
		{01377FB2-824D-4EDE-B50A-D93A4EEB4233}.Release|x86.ActiveCfg = Release|Any CPU
		{01377FB2-824D-4EDE-B50A-D93A4EEB4233}.Release|x86.Build.0 = Release|Any CPU
	EndGlobalSection
	GlobalSection(SolutionProperties) = preSolution
		HideSolutionNode = FALSE
	EndGlobalSection
	GlobalSection(NestedProjects) = preSolution
		{1C36313B-7C87-476F-84F3-08916101DFFA} = {72305DB9-DD13-417D-AA7C-B2CE0FE4A2C5}
		{8FDB1605-B28A-44BC-B481-ABD6C1BD2C8C} = {9A0E6D76-3476-4266-9E94-1D32FF4D190E}
		{33625FFA-C389-48F3-BFC5-683D99BDC523} = {9A0E6D76-3476-4266-9E94-1D32FF4D190E}
		{BDE482F9-F45D-443D-8584-93C3E912E733} = {9A0E6D76-3476-4266-9E94-1D32FF4D190E}
		{9964F0FD-8687-4671-A17F-7A71093A3670} = {9A0E6D76-3476-4266-9E94-1D32FF4D190E}
		{29356642-C46E-4144-83D8-22DC09D0D7FD} = {9A0E6D76-3476-4266-9E94-1D32FF4D190E}
		{DE7436E5-D8BE-4DB3-A0D6-62EC2F1423D3} = {AA29BD52-839C-4B41-93B8-1B6C136D9C41}
		{DCBB8F7A-7C1B-4C26-AB31-05BD3D1D40E0} = {AA29BD52-839C-4B41-93B8-1B6C136D9C41}
		{EAE2D52F-C521-4CFC-B098-312429642AA3} = {AA29BD52-839C-4B41-93B8-1B6C136D9C41}
		{CD002A06-8B84-4EF7-ADCE-CAB2163D08C7} = {AA29BD52-839C-4B41-93B8-1B6C136D9C41}
		{2A066ABC-0405-4783-9A85-03E8549C5E8E} = {9A0E6D76-3476-4266-9E94-1D32FF4D190E}
		{01377FB2-824D-4EDE-B50A-D93A4EEB4233} = {72305DB9-DD13-417D-AA7C-B2CE0FE4A2C5}
	EndGlobalSection
	GlobalSection(ExtensibilityGlobals) = postSolution
		SolutionGuid = {9A195C9D-7E02-494F-81EC-732F455C8644}
	EndGlobalSection
EndGlobal
